
Microsoft Visual Studio Solution File, Format Version 12.00
Project("{FAE04EC0-301F-11D3-BF4B-00C04F79EFBC}") = "EventStore.Toolkit.Testing", "tests\EventStore.Toolkit.Testing\EventStore.Toolkit.Testing.csproj", "{19448357-ECD8-407A-9E22-F06F860A0881}"
EndProject
Project("{FAE04EC0-301F-11D3-BF4B-00C04F79EFBC}") = "EventStore.Extensions.Connectors.Tests", "tests\EventStore.Extensions.Connectors.Tests\EventStore.Extensions.Connectors.Tests.csproj", "{803CE3CA-C382-436B-B6DE-87B604F2DD78}"
EndProject
Project("{2150E333-8FDC-42A3-9474-1A3956D46DE8}") = "SubModules", "SubModules", "{B4DAA225-6158-4BB6-9426-242032A94EA7}"
EndProject
Project("{FAE04EC0-301F-11D3-BF4B-00C04F79EFBC}") = "EventStore.Extensions.Connectors.Contracts", "src\EventStore.Extensions.Connectors.Contracts\EventStore.Extensions.Connectors.Contracts.csproj", "{B47150EA-CCB0-420B-8B14-32764A3A505C}"
EndProject
Project("{FAE04EC0-301F-11D3-BF4B-00C04F79EFBC}") = "EventStore.Plugins.Connectors", "src\EventStore.Plugins.Connectors\EventStore.Plugins.Connectors.csproj", "{CC2602A2-26ED-41B6-8D5B-FF65EE6C672C}"
EndProject
Project("{FAE04EC0-301F-11D3-BF4B-00C04F79EFBC}") = "EventStore.Core", "submodules\EventStore\src\EventStore.Core\EventStore.Core.csproj", "{FB61A539-41C9-4D94-B1DA-6DFB1CFC3C6D}"
EndProject
Project("{FAE04EC0-301F-11D3-BF4B-00C04F79EFBC}") = "EventStore.Common", "submodules\EventStore\src\EventStore.Common\EventStore.Common.csproj", "{59EA8715-7438-4759-8595-67E3DB43CACA}"
EndProject
Project("{FAE04EC0-301F-11D3-BF4B-00C04F79EFBC}") = "EventStore.BufferManagement", "submodules\EventStore\src\EventStore.BufferManagement\EventStore.BufferManagement.csproj", "{06B86DA9-B8BB-4A98-B363-7284350BB89A}"
EndProject
Project("{FAE04EC0-301F-11D3-BF4B-00C04F79EFBC}") = "EventStore.LogCommon", "submodules\EventStore\src\EventStore.LogCommon\EventStore.LogCommon.csproj", "{CAE9117B-A60A-4B9A-9D70-301A911AA7FA}"
EndProject
Project("{FAE04EC0-301F-11D3-BF4B-00C04F79EFBC}") = "EventStore.LogV3", "submodules\EventStore\src\EventStore.LogV3\EventStore.LogV3.csproj", "{4E2176ED-943C-4374-AB08-852E236F03E4}"
EndProject
Project("{FAE04EC0-301F-11D3-BF4B-00C04F79EFBC}") = "EventStore.Native", "submodules\EventStore\src\EventStore.Native\EventStore.Native.csproj", "{EA4EBE37-D701-4EFC-9A90-F87D59162058}"
EndProject
Project("{FAE04EC0-301F-11D3-BF4B-00C04F79EFBC}") = "EventStore.NETCore.Compatibility", "submodules\EventStore\src\EventStore.NETCore.Compatibility\EventStore.NETCore.Compatibility.csproj", "{066C5422-DDE8-4FCA-8BB3-476C4C6ADD82}"
EndProject
Project("{FAE04EC0-301F-11D3-BF4B-00C04F79EFBC}") = "EventStore.PluginHosting", "submodules\EventStore\src\EventStore.PluginHosting\EventStore.PluginHosting.csproj", "{CA40D99D-B785-4FC8-AA3A-B6C6B3E95A43}"
EndProject
Project("{FAE04EC0-301F-11D3-BF4B-00C04F79EFBC}") = "EventStore.Projections.Core", "submodules\EventStore\src\EventStore.Projections.Core\EventStore.Projections.Core.csproj", "{ACBD118F-DFAA-4873-9BCB-971884DB18BF}"
EndProject
Project("{FAE04EC0-301F-11D3-BF4B-00C04F79EFBC}") = "EventStore.SourceGenerators", "submodules\EventStore\src\EventStore.SourceGenerators\EventStore.SourceGenerators.csproj", "{E524B822-8AFA-4655-AE1E-BFBFADF3491A}"
EndProject
Project("{FAE04EC0-301F-11D3-BF4B-00C04F79EFBC}") = "EventStore.SystemRuntime", "submodules\EventStore\src\EventStore.SystemRuntime\EventStore.SystemRuntime.csproj", "{66F1C202-415D-4F06-AD27-E5D795793CD4}"
EndProject
Project("{FAE04EC0-301F-11D3-BF4B-00C04F79EFBC}") = "EventStore.Transport.Http", "submodules\EventStore\src\EventStore.Transport.Http\EventStore.Transport.Http.csproj", "{65A7F6F0-D40B-492E-B910-E61ED1230907}"
EndProject
Project("{FAE04EC0-301F-11D3-BF4B-00C04F79EFBC}") = "EventStore.Transport.Tcp", "submodules\EventStore\src\EventStore.Transport.Tcp\EventStore.Transport.Tcp.csproj", "{12359767-A6E6-480E-A3A8-3278D4E2C6B7}"
EndProject
Project("{FAE04EC0-301F-11D3-BF4B-00C04F79EFBC}") = "EventStore.ClusterNode.Web", "submodules\EventStore\src\EventStore.ClusterNode.Web\EventStore.ClusterNode.Web.csproj", "{CD083432-EE0C-41F9-870E-33F2FA9E2579}"
EndProject
Project("{2150E333-8FDC-42A3-9474-1A3956D46DE8}") = "EventStore", "EventStore", "{1FFE9B22-1994-47B1-814E-7DCB8E838D10}"
EndProject
Project("{2150E333-8FDC-42A3-9474-1A3956D46DE8}") = "Experimental", "Experimental", "{A65E9833-F98F-4AB4-96E8-31D0F1106193}"
EndProject
Project("{2150E333-8FDC-42A3-9474-1A3956D46DE8}") = "Tests", "Tests", "{1D2C51BC-8126-4F7D-8720-18E1C978FF32}"
	ProjectSection(SolutionItems) = preProject
		tests\connectors-api.http = tests\connectors-api.http
		tests\connectors-http-sink.http = tests\connectors-http-sink.http
		tests\connectors-api-queries.http = tests\connectors-api-queries.http
		tests\connectors-api.serilog-sink.http = tests\connectors-api.serilog-sink.http
	EndProjectSection
EndProject
Project("{FAE04EC0-301F-11D3-BF4B-00C04F79EFBC}") = "EventStore.Extensions.Connectors", "src\EventStore.Extensions.Connectors\EventStore.Extensions.Connectors.csproj", "{157A55A0-AE97-40F9-9A38-8A756C4B4785}"
EndProject
Project("{FAE04EC0-301F-11D3-BF4B-00C04F79EFBC}") = "EventStore.Extensions.Connectors.Management.TestServer", "tests\EventStore.Extensions.Connectors.Management.TestServer\EventStore.Extensions.Connectors.Management.TestServer.csproj", "{26C2ED87-6169-4E2C-822E-756F68C95D53}"
EndProject
Project("{FAE04EC0-301F-11D3-BF4B-00C04F79EFBC}") = "EventStore.System.Testing", "tests\EventStore.System.Testing\EventStore.System.Testing.csproj", "{15C96B1A-705E-42AA-9BFB-5787545D5CA6}"
EndProject
Project("{FAE04EC0-301F-11D3-BF4B-00C04F79EFBC}") = "EventStore.Toolkit.Testing.Http", "tests\EventStore.Toolkit.Testing.Http\EventStore.Toolkit.Testing.Http.csproj", "{17EAAB91-0F33-4439-A94D-4E87610388AB}"
EndProject
Project("{FAE04EC0-301F-11D3-BF4B-00C04F79EFBC}") = "HttpSinkSampleApi", "tests\HttpSinkSampleApi\HttpSinkSampleApi.csproj", "{8E27AE08-7971-4E55-84E1-02A6565D4DF1}"
EndProject
Project("{FAE04EC0-301F-11D3-BF4B-00C04F79EFBC}") = "EventStore.Licensing", "submodules\EventStore\src\EventStore.Licensing\EventStore.Licensing.csproj", "{B4A2A06C-CD00-4BF4-96EF-986F88265CF2}"
EndProject
Project("{2150E333-8FDC-42A3-9474-1A3956D46DE8}") = "Surge", "Surge", "{44152439-9ADA-4494-B615-495438F091CE}"
EndProject
Project("{2150E333-8FDC-42A3-9474-1A3956D46DE8}") = "Connectors", "Connectors", "{8A785BDC-E7B4-4AC3-99AF-CAE5DE60F9BF}"
EndProject
Project("{2150E333-8FDC-42A3-9474-1A3956D46DE8}") = "Framework", "Framework", "{625F7A68-744A-4311-9276-0C30E904E587}"
EndProject
Project("{2150E333-8FDC-42A3-9474-1A3956D46DE8}") = "Toolkit", "Toolkit", "{E7BC2903-0711-47D8-B8F6-54B4EB055F67}"
EndProject
Project("{FAE04EC0-301F-11D3-BF4B-00C04F79EFBC}") = "Kurrent.Toolkit", "submodules\Surge\src\Toolkit\src\Kurrent.Toolkit\Kurrent.Toolkit.csproj", "{2B92BA0F-2209-4D2C-9784-C1CB5375B98E}"
EndProject
Project("{FAE04EC0-301F-11D3-BF4B-00C04F79EFBC}") = "Kurrent.Toolkit.Serialization", "submodules\Surge\src\Toolkit\src\Kurrent.Toolkit.Serialization\Kurrent.Toolkit.Serialization.csproj", "{5F0009D1-A3CB-4FB1-9CBB-7009223F8B77}"
EndProject
Project("{FAE04EC0-301F-11D3-BF4B-00C04F79EFBC}") = "Kurrent.Surge", "submodules\Surge\src\Framework\src\Kurrent.Surge\Kurrent.Surge.csproj", "{0E7099BD-8F6C-49CE-A304-4BE964CB2474}"
EndProject
Project("{FAE04EC0-301F-11D3-BF4B-00C04F79EFBC}") = "Kurrent.Surge.Core", "submodules\Surge\src\Framework\src\Kurrent.Surge.Core\Kurrent.Surge.Core.csproj", "{B3E025B8-A1C9-4FB2-9CD4-0AAFEDAF643B}"
EndProject
Project("{FAE04EC0-301F-11D3-BF4B-00C04F79EFBC}") = "Kurrent.Surge.OpenTelemetry", "submodules\Surge\src\Framework\src\Kurrent.Surge.OpenTelemetry\Kurrent.Surge.OpenTelemetry.csproj", "{4149B8D4-A31C-4581-A8B8-61D12F9C9497}"
EndProject
Project("{FAE04EC0-301F-11D3-BF4B-00C04F79EFBC}") = "Kurrent.Surge.DependencyInjection", "submodules\Surge\src\Framework\src\Kurrent.Surge.DependencyInjection\Kurrent.Surge.DependencyInjection.csproj", "{47EB512C-A15D-45C6-9678-4B76C518A54E}"
EndProject
Project("{FAE04EC0-301F-11D3-BF4B-00C04F79EFBC}") = "Kurrent.Connectors.Elasticsearch", "submodules\Surge\src\Connectors\src\Kurrent.Connectors.Elasticsearch\Kurrent.Connectors.Elasticsearch.csproj", "{2783971C-EF72-4F80-9B69-0246F49BAC99}"
EndProject
Project("{FAE04EC0-301F-11D3-BF4B-00C04F79EFBC}") = "Kurrent.Connectors.Http", "submodules\Surge\src\Connectors\src\Kurrent.Connectors.Http\Kurrent.Connectors.Http.csproj", "{114F3208-2F7A-4A40-A8D6-D8C0EC0165F2}"
EndProject
Project("{FAE04EC0-301F-11D3-BF4B-00C04F79EFBC}") = "Kurrent.Connectors.Kafka", "submodules\Surge\src\Connectors\src\Kurrent.Connectors.Kafka\Kurrent.Connectors.Kafka.csproj", "{3F2F9A43-FA9A-4321-A277-FC2B4DAA8F1C}"
EndProject
Project("{FAE04EC0-301F-11D3-BF4B-00C04F79EFBC}") = "Kurrent.Connectors.KurrentDB", "submodules\Surge\src\Connectors\src\Kurrent.Connectors.KurrentDB\Kurrent.Connectors.KurrentDB.csproj", "{1E7FC62C-F36D-4E35-ACD7-2CB12386F088}"
EndProject
Project("{FAE04EC0-301F-11D3-BF4B-00C04F79EFBC}") = "Kurrent.Connectors.MongoDB", "submodules\Surge\src\Connectors\src\Kurrent.Connectors.MongoDB\Kurrent.Connectors.MongoDB.csproj", "{1CFA610B-4279-4669-8D56-0AB175DE09CB}"
EndProject
Project("{FAE04EC0-301F-11D3-BF4B-00C04F79EFBC}") = "Kurrent.Connectors.RabbitMQ", "submodules\Surge\src\Connectors\src\Kurrent.Connectors.RabbitMQ\Kurrent.Connectors.RabbitMQ.csproj", "{ACC63476-94AD-4734-9669-A53532978FA8}"
EndProject
Project("{FAE04EC0-301F-11D3-BF4B-00C04F79EFBC}") = "KurrentDB", "submodules\EventStore\src\KurrentDB\KurrentDB.csproj", "{041FF4C6-744A-4458-8A40-6B6521587585}"
EndProject
Project("{2150E333-8FDC-42A3-9474-1A3956D46DE8}") = "DataProtection", "DataProtection", "{E6B172A1-D9C9-498A-9C76-E1D894F7B962}"
EndProject
Project("{FAE04EC0-301F-11D3-BF4B-00C04F79EFBC}") = "Kurrent.Surge.DataProtection", "submodules\Surge\src\DataProtection\src\Kurrent.Surge.DataProtection\Kurrent.Surge.DataProtection.csproj", "{1C4D38D7-A5E5-44E1-8FEF-DE458B47C260}"
EndProject
Project("{FAE04EC0-301F-11D3-BF4B-00C04F79EFBC}") = "Kurrent.Surge.DataProtection.Cryptography.Argon2", "submodules\Surge\src\DataProtection\src\Kurrent.Surge.DataProtection.Cryptography.Argon2\Kurrent.Surge.DataProtection.Cryptography.Argon2.csproj", "{18197AB0-E37C-46E4-9765-D262E3DE4627}"
EndProject
Project("{FAE04EC0-301F-11D3-BF4B-00C04F79EFBC}") = "EventStore.OtlpExporterPlugin", "submodules\EventStore\src\EventStore.OtlpExporterPlugin\EventStore.OtlpExporterPlugin.csproj", "{7734E392-7548-4A51-8979-1C8AC82D243B}"
EndProject
Project("{FAE04EC0-301F-11D3-BF4B-00C04F79EFBC}") = "KurrentDB.UI", "submodules\EventStore\src\KurrentDB.UI\KurrentDB.UI.csproj", "{6D6BD448-24D4-4342-9403-C43CDA3F858C}"
EndProject
Global
	GlobalSection(SolutionConfigurationPlatforms) = preSolution
		Debug|Any CPU = Debug|Any CPU
		Release|Any CPU = Release|Any CPU
	EndGlobalSection
	GlobalSection(ProjectConfigurationPlatforms) = postSolution
		{19448357-ECD8-407A-9E22-F06F860A0881}.Debug|Any CPU.ActiveCfg = Debug|Any CPU
		{19448357-ECD8-407A-9E22-F06F860A0881}.Debug|Any CPU.Build.0 = Debug|Any CPU
		{19448357-ECD8-407A-9E22-F06F860A0881}.Release|Any CPU.ActiveCfg = Release|Any CPU
		{19448357-ECD8-407A-9E22-F06F860A0881}.Release|Any CPU.Build.0 = Release|Any CPU
		{803CE3CA-C382-436B-B6DE-87B604F2DD78}.Debug|Any CPU.ActiveCfg = Debug|Any CPU
		{803CE3CA-C382-436B-B6DE-87B604F2DD78}.Debug|Any CPU.Build.0 = Debug|Any CPU
		{803CE3CA-C382-436B-B6DE-87B604F2DD78}.Release|Any CPU.ActiveCfg = Release|Any CPU
		{803CE3CA-C382-436B-B6DE-87B604F2DD78}.Release|Any CPU.Build.0 = Release|Any CPU
		{B47150EA-CCB0-420B-8B14-32764A3A505C}.Debug|Any CPU.ActiveCfg = Debug|Any CPU
		{B47150EA-CCB0-420B-8B14-32764A3A505C}.Debug|Any CPU.Build.0 = Debug|Any CPU
		{B47150EA-CCB0-420B-8B14-32764A3A505C}.Release|Any CPU.ActiveCfg = Release|Any CPU
		{B47150EA-CCB0-420B-8B14-32764A3A505C}.Release|Any CPU.Build.0 = Release|Any CPU
		{CC2602A2-26ED-41B6-8D5B-FF65EE6C672C}.Debug|Any CPU.ActiveCfg = Debug|Any CPU
		{CC2602A2-26ED-41B6-8D5B-FF65EE6C672C}.Debug|Any CPU.Build.0 = Debug|Any CPU
		{CC2602A2-26ED-41B6-8D5B-FF65EE6C672C}.Release|Any CPU.ActiveCfg = Release|Any CPU
		{CC2602A2-26ED-41B6-8D5B-FF65EE6C672C}.Release|Any CPU.Build.0 = Release|Any CPU
		{FB61A539-41C9-4D94-B1DA-6DFB1CFC3C6D}.Debug|Any CPU.ActiveCfg = Debug|Any CPU
		{FB61A539-41C9-4D94-B1DA-6DFB1CFC3C6D}.Debug|Any CPU.Build.0 = Debug|Any CPU
		{FB61A539-41C9-4D94-B1DA-6DFB1CFC3C6D}.Release|Any CPU.ActiveCfg = Release|Any CPU
		{FB61A539-41C9-4D94-B1DA-6DFB1CFC3C6D}.Release|Any CPU.Build.0 = Release|Any CPU
		{59EA8715-7438-4759-8595-67E3DB43CACA}.Debug|Any CPU.ActiveCfg = Debug|Any CPU
		{59EA8715-7438-4759-8595-67E3DB43CACA}.Debug|Any CPU.Build.0 = Debug|Any CPU
		{59EA8715-7438-4759-8595-67E3DB43CACA}.Release|Any CPU.ActiveCfg = Release|Any CPU
		{59EA8715-7438-4759-8595-67E3DB43CACA}.Release|Any CPU.Build.0 = Release|Any CPU
		{06B86DA9-B8BB-4A98-B363-7284350BB89A}.Debug|Any CPU.ActiveCfg = Debug|Any CPU
		{06B86DA9-B8BB-4A98-B363-7284350BB89A}.Debug|Any CPU.Build.0 = Debug|Any CPU
		{06B86DA9-B8BB-4A98-B363-7284350BB89A}.Release|Any CPU.ActiveCfg = Release|Any CPU
		{06B86DA9-B8BB-4A98-B363-7284350BB89A}.Release|Any CPU.Build.0 = Release|Any CPU
		{CAE9117B-A60A-4B9A-9D70-301A911AA7FA}.Debug|Any CPU.ActiveCfg = Debug|Any CPU
		{CAE9117B-A60A-4B9A-9D70-301A911AA7FA}.Debug|Any CPU.Build.0 = Debug|Any CPU
		{CAE9117B-A60A-4B9A-9D70-301A911AA7FA}.Release|Any CPU.ActiveCfg = Release|Any CPU
		{CAE9117B-A60A-4B9A-9D70-301A911AA7FA}.Release|Any CPU.Build.0 = Release|Any CPU
		{4E2176ED-943C-4374-AB08-852E236F03E4}.Debug|Any CPU.ActiveCfg = Debug|Any CPU
		{4E2176ED-943C-4374-AB08-852E236F03E4}.Debug|Any CPU.Build.0 = Debug|Any CPU
		{4E2176ED-943C-4374-AB08-852E236F03E4}.Release|Any CPU.ActiveCfg = Release|Any CPU
		{4E2176ED-943C-4374-AB08-852E236F03E4}.Release|Any CPU.Build.0 = Release|Any CPU
		{EA4EBE37-D701-4EFC-9A90-F87D59162058}.Debug|Any CPU.ActiveCfg = Debug|Any CPU
		{EA4EBE37-D701-4EFC-9A90-F87D59162058}.Debug|Any CPU.Build.0 = Debug|Any CPU
		{EA4EBE37-D701-4EFC-9A90-F87D59162058}.Release|Any CPU.ActiveCfg = Release|Any CPU
		{EA4EBE37-D701-4EFC-9A90-F87D59162058}.Release|Any CPU.Build.0 = Release|Any CPU
		{066C5422-DDE8-4FCA-8BB3-476C4C6ADD82}.Debug|Any CPU.ActiveCfg = Debug|Any CPU
		{066C5422-DDE8-4FCA-8BB3-476C4C6ADD82}.Debug|Any CPU.Build.0 = Debug|Any CPU
		{066C5422-DDE8-4FCA-8BB3-476C4C6ADD82}.Release|Any CPU.ActiveCfg = Release|Any CPU
		{066C5422-DDE8-4FCA-8BB3-476C4C6ADD82}.Release|Any CPU.Build.0 = Release|Any CPU
		{CA40D99D-B785-4FC8-AA3A-B6C6B3E95A43}.Debug|Any CPU.ActiveCfg = Debug|Any CPU
		{CA40D99D-B785-4FC8-AA3A-B6C6B3E95A43}.Debug|Any CPU.Build.0 = Debug|Any CPU
		{CA40D99D-B785-4FC8-AA3A-B6C6B3E95A43}.Release|Any CPU.ActiveCfg = Release|Any CPU
		{CA40D99D-B785-4FC8-AA3A-B6C6B3E95A43}.Release|Any CPU.Build.0 = Release|Any CPU
		{ACBD118F-DFAA-4873-9BCB-971884DB18BF}.Debug|Any CPU.ActiveCfg = Debug|Any CPU
		{ACBD118F-DFAA-4873-9BCB-971884DB18BF}.Debug|Any CPU.Build.0 = Debug|Any CPU
		{ACBD118F-DFAA-4873-9BCB-971884DB18BF}.Release|Any CPU.ActiveCfg = Release|Any CPU
		{ACBD118F-DFAA-4873-9BCB-971884DB18BF}.Release|Any CPU.Build.0 = Release|Any CPU
		{E524B822-8AFA-4655-AE1E-BFBFADF3491A}.Debug|Any CPU.ActiveCfg = Debug|Any CPU
		{E524B822-8AFA-4655-AE1E-BFBFADF3491A}.Debug|Any CPU.Build.0 = Debug|Any CPU
		{E524B822-8AFA-4655-AE1E-BFBFADF3491A}.Release|Any CPU.ActiveCfg = Release|Any CPU
		{E524B822-8AFA-4655-AE1E-BFBFADF3491A}.Release|Any CPU.Build.0 = Release|Any CPU
		{66F1C202-415D-4F06-AD27-E5D795793CD4}.Debug|Any CPU.ActiveCfg = Debug|Any CPU
		{66F1C202-415D-4F06-AD27-E5D795793CD4}.Debug|Any CPU.Build.0 = Debug|Any CPU
		{66F1C202-415D-4F06-AD27-E5D795793CD4}.Release|Any CPU.ActiveCfg = Release|Any CPU
		{66F1C202-415D-4F06-AD27-E5D795793CD4}.Release|Any CPU.Build.0 = Release|Any CPU
		{65A7F6F0-D40B-492E-B910-E61ED1230907}.Debug|Any CPU.ActiveCfg = Debug|Any CPU
		{65A7F6F0-D40B-492E-B910-E61ED1230907}.Debug|Any CPU.Build.0 = Debug|Any CPU
		{65A7F6F0-D40B-492E-B910-E61ED1230907}.Release|Any CPU.ActiveCfg = Release|Any CPU
		{65A7F6F0-D40B-492E-B910-E61ED1230907}.Release|Any CPU.Build.0 = Release|Any CPU
		{12359767-A6E6-480E-A3A8-3278D4E2C6B7}.Debug|Any CPU.ActiveCfg = Debug|Any CPU
		{12359767-A6E6-480E-A3A8-3278D4E2C6B7}.Debug|Any CPU.Build.0 = Debug|Any CPU
		{12359767-A6E6-480E-A3A8-3278D4E2C6B7}.Release|Any CPU.ActiveCfg = Release|Any CPU
		{12359767-A6E6-480E-A3A8-3278D4E2C6B7}.Release|Any CPU.Build.0 = Release|Any CPU
		{CD083432-EE0C-41F9-870E-33F2FA9E2579}.Debug|Any CPU.ActiveCfg = Debug|Any CPU
		{CD083432-EE0C-41F9-870E-33F2FA9E2579}.Debug|Any CPU.Build.0 = Debug|Any CPU
		{CD083432-EE0C-41F9-870E-33F2FA9E2579}.Release|Any CPU.ActiveCfg = Release|Any CPU
		{CD083432-EE0C-41F9-870E-33F2FA9E2579}.Release|Any CPU.Build.0 = Release|Any CPU
		{157A55A0-AE97-40F9-9A38-8A756C4B4785}.Debug|Any CPU.ActiveCfg = Debug|Any CPU
		{157A55A0-AE97-40F9-9A38-8A756C4B4785}.Debug|Any CPU.Build.0 = Debug|Any CPU
		{157A55A0-AE97-40F9-9A38-8A756C4B4785}.Release|Any CPU.ActiveCfg = Release|Any CPU
		{157A55A0-AE97-40F9-9A38-8A756C4B4785}.Release|Any CPU.Build.0 = Release|Any CPU
		{26C2ED87-6169-4E2C-822E-756F68C95D53}.Debug|Any CPU.ActiveCfg = Debug|Any CPU
		{26C2ED87-6169-4E2C-822E-756F68C95D53}.Debug|Any CPU.Build.0 = Debug|Any CPU
		{26C2ED87-6169-4E2C-822E-756F68C95D53}.Release|Any CPU.ActiveCfg = Release|Any CPU
		{26C2ED87-6169-4E2C-822E-756F68C95D53}.Release|Any CPU.Build.0 = Release|Any CPU
		{15C96B1A-705E-42AA-9BFB-5787545D5CA6}.Debug|Any CPU.ActiveCfg = Debug|Any CPU
		{15C96B1A-705E-42AA-9BFB-5787545D5CA6}.Debug|Any CPU.Build.0 = Debug|Any CPU
		{15C96B1A-705E-42AA-9BFB-5787545D5CA6}.Release|Any CPU.ActiveCfg = Release|Any CPU
		{15C96B1A-705E-42AA-9BFB-5787545D5CA6}.Release|Any CPU.Build.0 = Release|Any CPU
		{17EAAB91-0F33-4439-A94D-4E87610388AB}.Debug|Any CPU.ActiveCfg = Debug|Any CPU
		{17EAAB91-0F33-4439-A94D-4E87610388AB}.Debug|Any CPU.Build.0 = Debug|Any CPU
		{17EAAB91-0F33-4439-A94D-4E87610388AB}.Release|Any CPU.ActiveCfg = Release|Any CPU
		{17EAAB91-0F33-4439-A94D-4E87610388AB}.Release|Any CPU.Build.0 = Release|Any CPU
		{8E27AE08-7971-4E55-84E1-02A6565D4DF1}.Debug|Any CPU.ActiveCfg = Debug|Any CPU
		{8E27AE08-7971-4E55-84E1-02A6565D4DF1}.Debug|Any CPU.Build.0 = Debug|Any CPU
		{8E27AE08-7971-4E55-84E1-02A6565D4DF1}.Release|Any CPU.ActiveCfg = Release|Any CPU
		{8E27AE08-7971-4E55-84E1-02A6565D4DF1}.Release|Any CPU.Build.0 = Release|Any CPU
		{B4A2A06C-CD00-4BF4-96EF-986F88265CF2}.Debug|Any CPU.ActiveCfg = Debug|Any CPU
		{B4A2A06C-CD00-4BF4-96EF-986F88265CF2}.Debug|Any CPU.Build.0 = Debug|Any CPU
		{B4A2A06C-CD00-4BF4-96EF-986F88265CF2}.Release|Any CPU.ActiveCfg = Release|Any CPU
		{B4A2A06C-CD00-4BF4-96EF-986F88265CF2}.Release|Any CPU.Build.0 = Release|Any CPU
		{2B92BA0F-2209-4D2C-9784-C1CB5375B98E}.Debug|Any CPU.ActiveCfg = Debug|Any CPU
		{2B92BA0F-2209-4D2C-9784-C1CB5375B98E}.Debug|Any CPU.Build.0 = Debug|Any CPU
		{2B92BA0F-2209-4D2C-9784-C1CB5375B98E}.Release|Any CPU.ActiveCfg = Release|Any CPU
		{2B92BA0F-2209-4D2C-9784-C1CB5375B98E}.Release|Any CPU.Build.0 = Release|Any CPU
		{5F0009D1-A3CB-4FB1-9CBB-7009223F8B77}.Debug|Any CPU.ActiveCfg = Debug|Any CPU
		{5F0009D1-A3CB-4FB1-9CBB-7009223F8B77}.Debug|Any CPU.Build.0 = Debug|Any CPU
		{5F0009D1-A3CB-4FB1-9CBB-7009223F8B77}.Release|Any CPU.ActiveCfg = Release|Any CPU
		{5F0009D1-A3CB-4FB1-9CBB-7009223F8B77}.Release|Any CPU.Build.0 = Release|Any CPU
		{0E7099BD-8F6C-49CE-A304-4BE964CB2474}.Debug|Any CPU.ActiveCfg = Debug|Any CPU
		{0E7099BD-8F6C-49CE-A304-4BE964CB2474}.Debug|Any CPU.Build.0 = Debug|Any CPU
		{0E7099BD-8F6C-49CE-A304-4BE964CB2474}.Release|Any CPU.ActiveCfg = Release|Any CPU
		{0E7099BD-8F6C-49CE-A304-4BE964CB2474}.Release|Any CPU.Build.0 = Release|Any CPU
		{B3E025B8-A1C9-4FB2-9CD4-0AAFEDAF643B}.Debug|Any CPU.ActiveCfg = Debug|Any CPU
		{B3E025B8-A1C9-4FB2-9CD4-0AAFEDAF643B}.Debug|Any CPU.Build.0 = Debug|Any CPU
		{B3E025B8-A1C9-4FB2-9CD4-0AAFEDAF643B}.Release|Any CPU.ActiveCfg = Release|Any CPU
		{B3E025B8-A1C9-4FB2-9CD4-0AAFEDAF643B}.Release|Any CPU.Build.0 = Release|Any CPU
		{4149B8D4-A31C-4581-A8B8-61D12F9C9497}.Debug|Any CPU.ActiveCfg = Debug|Any CPU
		{4149B8D4-A31C-4581-A8B8-61D12F9C9497}.Debug|Any CPU.Build.0 = Debug|Any CPU
		{4149B8D4-A31C-4581-A8B8-61D12F9C9497}.Release|Any CPU.ActiveCfg = Release|Any CPU
		{4149B8D4-A31C-4581-A8B8-61D12F9C9497}.Release|Any CPU.Build.0 = Release|Any CPU
		{47EB512C-A15D-45C6-9678-4B76C518A54E}.Debug|Any CPU.ActiveCfg = Debug|Any CPU
		{47EB512C-A15D-45C6-9678-4B76C518A54E}.Debug|Any CPU.Build.0 = Debug|Any CPU
		{47EB512C-A15D-45C6-9678-4B76C518A54E}.Release|Any CPU.ActiveCfg = Release|Any CPU
		{47EB512C-A15D-45C6-9678-4B76C518A54E}.Release|Any CPU.Build.0 = Release|Any CPU
		{2783971C-EF72-4F80-9B69-0246F49BAC99}.Debug|Any CPU.ActiveCfg = Debug|Any CPU
		{2783971C-EF72-4F80-9B69-0246F49BAC99}.Debug|Any CPU.Build.0 = Debug|Any CPU
		{2783971C-EF72-4F80-9B69-0246F49BAC99}.Release|Any CPU.ActiveCfg = Release|Any CPU
		{2783971C-EF72-4F80-9B69-0246F49BAC99}.Release|Any CPU.Build.0 = Release|Any CPU
		{114F3208-2F7A-4A40-A8D6-D8C0EC0165F2}.Debug|Any CPU.ActiveCfg = Debug|Any CPU
		{114F3208-2F7A-4A40-A8D6-D8C0EC0165F2}.Debug|Any CPU.Build.0 = Debug|Any CPU
		{114F3208-2F7A-4A40-A8D6-D8C0EC0165F2}.Release|Any CPU.ActiveCfg = Release|Any CPU
		{114F3208-2F7A-4A40-A8D6-D8C0EC0165F2}.Release|Any CPU.Build.0 = Release|Any CPU
		{3F2F9A43-FA9A-4321-A277-FC2B4DAA8F1C}.Debug|Any CPU.ActiveCfg = Debug|Any CPU
		{3F2F9A43-FA9A-4321-A277-FC2B4DAA8F1C}.Debug|Any CPU.Build.0 = Debug|Any CPU
		{3F2F9A43-FA9A-4321-A277-FC2B4DAA8F1C}.Release|Any CPU.ActiveCfg = Release|Any CPU
		{3F2F9A43-FA9A-4321-A277-FC2B4DAA8F1C}.Release|Any CPU.Build.0 = Release|Any CPU
		{1E7FC62C-F36D-4E35-ACD7-2CB12386F088}.Debug|Any CPU.ActiveCfg = Debug|Any CPU
		{1E7FC62C-F36D-4E35-ACD7-2CB12386F088}.Debug|Any CPU.Build.0 = Debug|Any CPU
		{1E7FC62C-F36D-4E35-ACD7-2CB12386F088}.Release|Any CPU.ActiveCfg = Release|Any CPU
		{1E7FC62C-F36D-4E35-ACD7-2CB12386F088}.Release|Any CPU.Build.0 = Release|Any CPU
		{1CFA610B-4279-4669-8D56-0AB175DE09CB}.Debug|Any CPU.ActiveCfg = Debug|Any CPU
		{1CFA610B-4279-4669-8D56-0AB175DE09CB}.Debug|Any CPU.Build.0 = Debug|Any CPU
		{1CFA610B-4279-4669-8D56-0AB175DE09CB}.Release|Any CPU.ActiveCfg = Release|Any CPU
		{1CFA610B-4279-4669-8D56-0AB175DE09CB}.Release|Any CPU.Build.0 = Release|Any CPU
		{ACC63476-94AD-4734-9669-A53532978FA8}.Debug|Any CPU.ActiveCfg = Debug|Any CPU
		{ACC63476-94AD-4734-9669-A53532978FA8}.Debug|Any CPU.Build.0 = Debug|Any CPU
		{ACC63476-94AD-4734-9669-A53532978FA8}.Release|Any CPU.ActiveCfg = Release|Any CPU
		{ACC63476-94AD-4734-9669-A53532978FA8}.Release|Any CPU.Build.0 = Release|Any CPU
		{041FF4C6-744A-4458-8A40-6B6521587585}.Debug|Any CPU.ActiveCfg = Debug|Any CPU
		{041FF4C6-744A-4458-8A40-6B6521587585}.Debug|Any CPU.Build.0 = Debug|Any CPU
		{041FF4C6-744A-4458-8A40-6B6521587585}.Release|Any CPU.ActiveCfg = Release|Any CPU
		{041FF4C6-744A-4458-8A40-6B6521587585}.Release|Any CPU.Build.0 = Release|Any CPU
		{1C4D38D7-A5E5-44E1-8FEF-DE458B47C260}.Debug|Any CPU.ActiveCfg = Debug|Any CPU
		{1C4D38D7-A5E5-44E1-8FEF-DE458B47C260}.Debug|Any CPU.Build.0 = Debug|Any CPU
		{1C4D38D7-A5E5-44E1-8FEF-DE458B47C260}.Release|Any CPU.ActiveCfg = Release|Any CPU
		{1C4D38D7-A5E5-44E1-8FEF-DE458B47C260}.Release|Any CPU.Build.0 = Release|Any CPU
		{18197AB0-E37C-46E4-9765-D262E3DE4627}.Debug|Any CPU.ActiveCfg = Debug|Any CPU
		{18197AB0-E37C-46E4-9765-D262E3DE4627}.Debug|Any CPU.Build.0 = Debug|Any CPU
		{18197AB0-E37C-46E4-9765-D262E3DE4627}.Release|Any CPU.ActiveCfg = Release|Any CPU
		{18197AB0-E37C-46E4-9765-D262E3DE4627}.Release|Any CPU.Build.0 = Release|Any CPU
		{7734E392-7548-4A51-8979-1C8AC82D243B}.Debug|Any CPU.ActiveCfg = Debug|Any CPU
		{7734E392-7548-4A51-8979-1C8AC82D243B}.Debug|Any CPU.Build.0 = Debug|Any CPU
		{7734E392-7548-4A51-8979-1C8AC82D243B}.Release|Any CPU.ActiveCfg = Release|Any CPU
		{7734E392-7548-4A51-8979-1C8AC82D243B}.Release|Any CPU.Build.0 = Release|Any CPU
		{6D6BD448-24D4-4342-9403-C43CDA3F858C}.Debug|Any CPU.ActiveCfg = Debug|Any CPU
		{6D6BD448-24D4-4342-9403-C43CDA3F858C}.Debug|Any CPU.Build.0 = Debug|Any CPU
		{6D6BD448-24D4-4342-9403-C43CDA3F858C}.Release|Any CPU.ActiveCfg = Release|Any CPU
		{6D6BD448-24D4-4342-9403-C43CDA3F858C}.Release|Any CPU.Build.0 = Release|Any CPU
	EndGlobalSection
	GlobalSection(NestedProjects) = preSolution
		{1FFE9B22-1994-47B1-814E-7DCB8E838D10} = {B4DAA225-6158-4BB6-9426-242032A94EA7}
		{06B86DA9-B8BB-4A98-B363-7284350BB89A} = {1FFE9B22-1994-47B1-814E-7DCB8E838D10}
		{CD083432-EE0C-41F9-870E-33F2FA9E2579} = {1FFE9B22-1994-47B1-814E-7DCB8E838D10}
		{59EA8715-7438-4759-8595-67E3DB43CACA} = {1FFE9B22-1994-47B1-814E-7DCB8E838D10}
		{FB61A539-41C9-4D94-B1DA-6DFB1CFC3C6D} = {1FFE9B22-1994-47B1-814E-7DCB8E838D10}
		{CAE9117B-A60A-4B9A-9D70-301A911AA7FA} = {1FFE9B22-1994-47B1-814E-7DCB8E838D10}
		{4E2176ED-943C-4374-AB08-852E236F03E4} = {1FFE9B22-1994-47B1-814E-7DCB8E838D10}
		{EA4EBE37-D701-4EFC-9A90-F87D59162058} = {1FFE9B22-1994-47B1-814E-7DCB8E838D10}
		{066C5422-DDE8-4FCA-8BB3-476C4C6ADD82} = {1FFE9B22-1994-47B1-814E-7DCB8E838D10}
		{CA40D99D-B785-4FC8-AA3A-B6C6B3E95A43} = {1FFE9B22-1994-47B1-814E-7DCB8E838D10}
		{ACBD118F-DFAA-4873-9BCB-971884DB18BF} = {1FFE9B22-1994-47B1-814E-7DCB8E838D10}
		{E524B822-8AFA-4655-AE1E-BFBFADF3491A} = {1FFE9B22-1994-47B1-814E-7DCB8E838D10}
		{66F1C202-415D-4F06-AD27-E5D795793CD4} = {1FFE9B22-1994-47B1-814E-7DCB8E838D10}
		{65A7F6F0-D40B-492E-B910-E61ED1230907} = {1FFE9B22-1994-47B1-814E-7DCB8E838D10}
		{12359767-A6E6-480E-A3A8-3278D4E2C6B7} = {1FFE9B22-1994-47B1-814E-7DCB8E838D10}
		{803CE3CA-C382-436B-B6DE-87B604F2DD78} = {1D2C51BC-8126-4F7D-8720-18E1C978FF32}
		{19448357-ECD8-407A-9E22-F06F860A0881} = {1D2C51BC-8126-4F7D-8720-18E1C978FF32}
		{26C2ED87-6169-4E2C-822E-756F68C95D53} = {1D2C51BC-8126-4F7D-8720-18E1C978FF32}
		{15C96B1A-705E-42AA-9BFB-5787545D5CA6} = {1D2C51BC-8126-4F7D-8720-18E1C978FF32}
		{17EAAB91-0F33-4439-A94D-4E87610388AB} = {1D2C51BC-8126-4F7D-8720-18E1C978FF32}
		{8E27AE08-7971-4E55-84E1-02A6565D4DF1} = {1D2C51BC-8126-4F7D-8720-18E1C978FF32}
		{B4A2A06C-CD00-4BF4-96EF-986F88265CF2} = {1FFE9B22-1994-47B1-814E-7DCB8E838D10}
		{44152439-9ADA-4494-B615-495438F091CE} = {B4DAA225-6158-4BB6-9426-242032A94EA7}
		{8A785BDC-E7B4-4AC3-99AF-CAE5DE60F9BF} = {44152439-9ADA-4494-B615-495438F091CE}
		{625F7A68-744A-4311-9276-0C30E904E587} = {44152439-9ADA-4494-B615-495438F091CE}
		{E7BC2903-0711-47D8-B8F6-54B4EB055F67} = {44152439-9ADA-4494-B615-495438F091CE}
		{2B92BA0F-2209-4D2C-9784-C1CB5375B98E} = {E7BC2903-0711-47D8-B8F6-54B4EB055F67}
		{5F0009D1-A3CB-4FB1-9CBB-7009223F8B77} = {E7BC2903-0711-47D8-B8F6-54B4EB055F67}
		{0E7099BD-8F6C-49CE-A304-4BE964CB2474} = {625F7A68-744A-4311-9276-0C30E904E587}
		{B3E025B8-A1C9-4FB2-9CD4-0AAFEDAF643B} = {625F7A68-744A-4311-9276-0C30E904E587}
		{4149B8D4-A31C-4581-A8B8-61D12F9C9497} = {625F7A68-744A-4311-9276-0C30E904E587}
		{47EB512C-A15D-45C6-9678-4B76C518A54E} = {625F7A68-744A-4311-9276-0C30E904E587}
		{2783971C-EF72-4F80-9B69-0246F49BAC99} = {8A785BDC-E7B4-4AC3-99AF-CAE5DE60F9BF}
		{114F3208-2F7A-4A40-A8D6-D8C0EC0165F2} = {8A785BDC-E7B4-4AC3-99AF-CAE5DE60F9BF}
		{3F2F9A43-FA9A-4321-A277-FC2B4DAA8F1C} = {8A785BDC-E7B4-4AC3-99AF-CAE5DE60F9BF}
		{1E7FC62C-F36D-4E35-ACD7-2CB12386F088} = {8A785BDC-E7B4-4AC3-99AF-CAE5DE60F9BF}
		{1CFA610B-4279-4669-8D56-0AB175DE09CB} = {8A785BDC-E7B4-4AC3-99AF-CAE5DE60F9BF}
		{ACC63476-94AD-4734-9669-A53532978FA8} = {8A785BDC-E7B4-4AC3-99AF-CAE5DE60F9BF}
		{041FF4C6-744A-4458-8A40-6B6521587585} = {1FFE9B22-1994-47B1-814E-7DCB8E838D10}
		{E6B172A1-D9C9-498A-9C76-E1D894F7B962} = {44152439-9ADA-4494-B615-495438F091CE}
		{1C4D38D7-A5E5-44E1-8FEF-DE458B47C260} = {E6B172A1-D9C9-498A-9C76-E1D894F7B962}
		{18197AB0-E37C-46E4-9765-D262E3DE4627} = {E6B172A1-D9C9-498A-9C76-E1D894F7B962}
		{7734E392-7548-4A51-8979-1C8AC82D243B} = {1FFE9B22-1994-47B1-814E-7DCB8E838D10}
		{6D6BD448-24D4-4342-9403-C43CDA3F858C} = {1FFE9B22-1994-47B1-814E-7DCB8E838D10}
	EndGlobalSection
EndGlobal
